Microsoft Visual Studio Solution File, Format Version 12.00
# Visual Studio Version 17
VisualStudioVersion = 17.5.2.0
MinimumVisualStudioVersion = 10.0.40219.1
Project("{FAE04EC0-301F-11D3-BF4B-00C04F79EFBC}") = "health", "server\health.csproj", "{6EC93131-BD8B-6BA4-8C19-020A81A06862}"
EndProject
Global
	GlobalSection(SolutionConfigurationPlatforms) = preSolution
		Debug|Any CPU = Debug|Any CPU
		Release|Any CPU = Release|Any CPU
	EndGlobalSection
	GlobalSection(ProjectConfigurationPlatforms) = postSolution
		{6EC93131-BD8B-6BA4-8C19-020A81A06862}.Debug|Any CPU.ActiveCfg = Debug|Any CPU
		{6EC93131-BD8B-6BA4-8C19-020A81A06862}.Debug|Any CPU.Build.0 = Debug|Any CPU
		{6EC93131-BD8B-6BA4-8C19-020A81A06862}.Release|Any CPU.ActiveCfg = Release|Any CPU
		{6EC93131-BD8B-6BA4-8C19-020A81A06862}.Release|Any CPU.Build.0 = Release|Any CPU
	EndGlobalSection
	GlobalSection(SolutionProperties) = preSolution
		HideSolutionNode = FALSE
	EndGlobalSection
	GlobalSection(ExtensibilityGlobals) = postSolution
		SolutionGuid = {4797D2AB-702A-4051-9018-9E0EE133BF76}
	EndGlobalSection
EndGlobal
